{
  "name": "tsc-test",
  "version": "1.0.0",
  "lockfileVersion": 2,
  "requires": true,
  "packages": {
    "": {
      "name": "tsc-test",
      "version": "1.0.0",
      "license": "ISC",
      "dependencies": {
        "dayjs": "^1.11.3"
      },
      "devDependencies": {
        "preact": "^10.8.2",
        "typescript": "^4.7.4"
      },
      "peerDependencies": {
        "preact": "^10.8.2"
      }
    },
    "node_modules/dayjs": {
      "version": "1.11.3",
      "resolved": "https://registry.npmjs.org/dayjs/-/dayjs-1.11.3.tgz",
      "integrity": "sha512-xxwlswWOlGhzgQ4TKzASQkUhqERI3egRNqgV4ScR8wlANA/A9tZ7miXa44vTTKEq5l7vWoL5G57bG3zA+Kow0A=="
    },
    "node_modules/preact": {
      "version": "10.8.2",
      "resolved": "https://registry.npmjs.org/preact/-/preact-10.8.2.tgz",
      "integrity": "sha512-AKGt0BsDSiAYzVS78jZ9qRwuorY2CoSZtf1iOC6gLb/3QyZt+fLT09aYJBjRc/BEcRc4j+j3ggERMdNE43i1LQ==",
      "dev": true,
      "funding": {
        "type": "opencollective",
        "url": "https://opencollective.com/preact"
      }
    },
    "node_modules/typescript": {
      "version": "4.7.4",
      "resolved": "https://registry.npmjs.org/typescript/-/typescript-4.7.4.tgz",
      "integrity": "sha512-C0WQT0gezHuw6AdY1M2jxUO83Rjf0HP7Sk1DtXj6j1EwkQNZrHAg2XPWlq62oqEhYvONq5pkC2Y9oPljWToLmQ==",
      "dev": true,
      "bin": {
        "tsc": "bin/tsc",
        "tsserver": "bin/tsserver"
      },
      "engines": {
        "node": ">=4.2.0"
      }
    }
  },
  "dependencies": {
    "dayjs": {
      "version": "1.11.3",
      "resolved": "https://registry.npmjs.org/dayjs/-/dayjs-1.11.3.tgz",
      "integrity": "sha512-xxwlswWOlGhzgQ4TKzASQkUhqERI3egRNqgV4ScR8wlANA/A9tZ7miXa44vTTKEq5l7vWoL5G57bG3zA+Kow0A=="
    },
    "preact": {
      "version": "10.8.2",
      "resolved": "https://registry.npmjs.org/preact/-/preact-10.8.2.tgz",
      "integrity": "sha512-AKGt0BsDSiAYzVS78jZ9qRwuorY2CoSZtf1iOC6gLb/3QyZt+fLT09aYJBjRc/BEcRc4j+j3ggERMdNE43i1LQ==",
      "dev": true
    },
    "typescript": {
      "version": "4.7.4",
      "resolved": "https://registry.npmjs.org/typescript/-/typescript-4.7.4.tgz",
      "integrity": "sha512-C0WQT0gezHuw6AdY1M2jxUO83Rjf0HP7Sk1DtXj6j1EwkQNZrHAg2XPWlq62oqEhYvONq5pkC2Y9oPljWToLmQ==",
      "dev": true
    }
  }
}
